
Microsoft Visual Studio Solution File, Format Version 12.00
# Visual Studio 15
VisualStudioVersion = 15.0.26730.15
MinimumVisualStudioVersion = 10.0.40219.1
Project("{8BC9CEB8-8B4A-11D0-8D11-00A0C91BC942}") = "AdriaGonzalez_AlexCalvo_Xarxes", "AdriaGonzalez_AlexCalvo_Xarxes\AdriaGonzalez_AlexCalvo_Xarxes.vcxproj", "{E9A77E4D-94F5-4D8A-9E9B-EA2DF272CD75}"
EndProject
Global
	GlobalSection(SolutionConfigurationPlatforms) = preSolution
		Debug|x64 = Debug|x64
		Debug|x86 = Debug|x86
		Release|x64 = Release|x64
		Release|x86 = Release|x86
	EndGlobalSection
	GlobalSection(ProjectConfigurationPlatforms) = postSolution
		{E9A77E4D-94F5-4D8A-9E9B-EA2DF272CD75}.Debug|x64.ActiveCfg = Debug|x64
		{E9A77E4D-94F5-4D8A-9E9B-EA2DF272CD75}.Debug|x64.Build.0 = Debug|x64
		{E9A77E4D-94F5-4D8A-9E9B-EA2DF272CD75}.Debug|x86.ActiveCfg = Debug|Win32
		{E9A77E4D-94F5-4D8A-9E9B-EA2DF272CD75}.Debug|x86.Build.0 = Debug|Win32
		{E9A77E4D-94F5-4D8A-9E9B-EA2DF272CD75}.Release|x64.ActiveCfg = Release|x64
		{E9A77E4D-94F5-4D8A-9E9B-EA2DF272CD75}.Release|x64.Build.0 = Release|x64
		{E9A77E4D-94F5-4D8A-9E9B-EA2DF272CD75}.Release|x86.ActiveCfg = Release|Win32
		{E9A77E4D-94F5-4D8A-9E9B-EA2DF272CD75}.Release|x86.Build.0 = Release|Win32
	EndGlobalSection
	GlobalSection(SolutionProperties) = preSolution
		HideSolutionNode = FALSE
	EndGlobalSection
	GlobalSection(ExtensibilityGlobals) = postSolution
		SolutionGuid = {327A3FD7-5061-448F-9328-3C4838BFCCC6}
	EndGlobalSection
EndGlobal
